
Microsoft Visual Studio Solution File, Format Version 12.00
# Visual Studio Version 16
VisualStudioVersion = 16.0.31112.23
MinimumVisualStudioVersion = 10.0.40219.1
Project("{8BC9CEB8-8B4A-11D0-8D11-00A0C91BC942}") = "05_6", "05_6\05_6.vcxproj", "{8BBF1496-EB48-473B-BD57-BB4F3A61F990}"
EndProject
Global
	GlobalSection(SolutionConfigurationPlatforms) = preSolution
		Debug|x64 = Debug|x64
		Debug|x86 = Debug|x86
		Release|x64 = Release|x64
		Release|x86 = Release|x86
	EndGlobalSection
	GlobalSection(ProjectConfigurationPlatforms) = postSolution
		{8BBF1496-EB48-473B-BD57-BB4F3A61F990}.Debug|x64.ActiveCfg = Debug|x64
		{8BBF1496-EB48-473B-BD57-BB4F3A61F990}.Debug|x64.Build.0 = Debug|x64
		{8BBF1496-EB48-473B-BD57-BB4F3A61F990}.Debug|x86.ActiveCfg = Debug|Win32
		{8BBF1496-EB48-473B-BD57-BB4F3A61F990}.Debug|x86.Build.0 = Debug|Win32
		{8BBF1496-EB48-473B-BD57-BB4F3A61F990}.Release|x64.ActiveCfg = Release|x64
		{8BBF1496-EB48-473B-BD57-BB4F3A61F990}.Release|x64.Build.0 = Release|x64
		{8BBF1496-EB48-473B-BD57-BB4F3A61F990}.Release|x86.ActiveCfg = Release|Win32
		{8BBF1496-EB48-473B-BD57-BB4F3A61F990}.Release|x86.Build.0 = Release|Win32
	EndGlobalSection
	GlobalSection(SolutionProperties) = preSolution
		HideSolutionNode = FALSE
	EndGlobalSection
	GlobalSection(ExtensibilityGlobals) = postSolution
		SolutionGuid = {1A6EFA1D-340B-4065-A0D5-5F1541BE7116}
	EndGlobalSection
EndGlobal
